
Microsoft Visual Studio Solution File, Format Version 12.00
# Visual Studio Version 17
VisualStudioVersion = 17.7.34024.191
MinimumVisualStudioVersion = 10.0.40219.1
Project("{8BC9CEB8-8B4A-11D0-8D11-00A0C91BC942}") = "Laba 9.2 A", "Laba 9.2 A\Laba 9.2 A.vcxproj", "{F6916C73-4DED-4196-B1EA-4E8A953E956E}"
EndProject
Project("{8BC9CEB8-8B4A-11D0-8D11-00A0C91BC942}") = "UnitTest1", "UnitTest1\UnitTest1.vcxproj", "{6341A324-B602-4F0F-B3F2-02A1C26D5535}"
EndProject
Global
	GlobalSection(SolutionConfigurationPlatforms) = preSolution
		Debug|x64 = Debug|x64
		Debug|x86 = Debug|x86
		Release|x64 = Release|x64
		Release|x86 = Release|x86
	EndGlobalSection
	GlobalSection(ProjectConfigurationPlatforms) = postSolution
		{F6916C73-4DED-4196-B1EA-4E8A953E956E}.Debug|x64.ActiveCfg = Debug|x64
		{F6916C73-4DED-4196-B1EA-4E8A953E956E}.Debug|x64.Build.0 = Debug|x64
		{F6916C73-4DED-4196-B1EA-4E8A953E956E}.Debug|x86.ActiveCfg = Debug|Win32
		{F6916C73-4DED-4196-B1EA-4E8A953E956E}.Debug|x86.Build.0 = Debug|Win32
		{F6916C73-4DED-4196-B1EA-4E8A953E956E}.Release|x64.ActiveCfg = Release|x64
		{F6916C73-4DED-4196-B1EA-4E8A953E956E}.Release|x64.Build.0 = Release|x64
		{F6916C73-4DED-4196-B1EA-4E8A953E956E}.Release|x86.ActiveCfg = Release|Win32
		{F6916C73-4DED-4196-B1EA-4E8A953E956E}.Release|x86.Build.0 = Release|Win32
		{6341A324-B602-4F0F-B3F2-02A1C26D5535}.Debug|x64.ActiveCfg = Debug|x64
		{6341A324-B602-4F0F-B3F2-02A1C26D5535}.Debug|x64.Build.0 = Debug|x64
		{6341A324-B602-4F0F-B3F2-02A1C26D5535}.Debug|x86.ActiveCfg = Debug|Win32
		{6341A324-B602-4F0F-B3F2-02A1C26D5535}.Debug|x86.Build.0 = Debug|Win32
		{6341A324-B602-4F0F-B3F2-02A1C26D5535}.Release|x64.ActiveCfg = Release|x64
		{6341A324-B602-4F0F-B3F2-02A1C26D5535}.Release|x64.Build.0 = Release|x64
		{6341A324-B602-4F0F-B3F2-02A1C26D5535}.Release|x86.ActiveCfg = Release|Win32
		{6341A324-B602-4F0F-B3F2-02A1C26D5535}.Release|x86.Build.0 = Release|Win32
	EndGlobalSection
	GlobalSection(SolutionProperties) = preSolution
		HideSolutionNode = FALSE
	EndGlobalSection
	GlobalSection(ExtensibilityGlobals) = postSolution
		SolutionGuid = {9938A7BC-8D06-4548-8A33-93F94373DF1C}
	EndGlobalSection
EndGlobal
